
Microsoft Visual Studio Solution File, Format Version 12.00
# Visual Studio Version 17
VisualStudioVersion = 17.3.32901.215
MinimumVisualStudioVersion = 10.0.40219.1
Project("{FAE04EC0-301F-11D3-BF4B-00C04F79EFBC}") = "ResponsabilityChainV6", "ResponsabilityChainV6\ResponsabilityChainV6.csproj", "{DB0C4AC9-C5DF-4BA3-B3C7-1B2C833FEC36}"
EndProject
Global
	GlobalSection(SolutionConfigurationPlatforms) = preSolution
		Debug|Any CPU = Debug|Any CPU
		Release|Any CPU = Release|Any CPU
	EndGlobalSection
	GlobalSection(ProjectConfigurationPlatforms) = postSolution
		{DB0C4AC9-C5DF-4BA3-B3C7-1B2C833FEC36}.Debug|Any CPU.ActiveCfg = Debug|Any CPU
		{DB0C4AC9-C5DF-4BA3-B3C7-1B2C833FEC36}.Debug|Any CPU.Build.0 = Debug|Any CPU
		{DB0C4AC9-C5DF-4BA3-B3C7-1B2C833FEC36}.Release|Any CPU.ActiveCfg = Release|Any CPU
		{DB0C4AC9-C5DF-4BA3-B3C7-1B2C833FEC36}.Release|Any CPU.Build.0 = Release|Any CPU
	EndGlobalSection
	GlobalSection(SolutionProperties) = preSolution
		HideSolutionNode = FALSE
	EndGlobalSection
	GlobalSection(ExtensibilityGlobals) = postSolution
		SolutionGuid = {D1E0794B-03FD-4228-A9B4-0F1F533497F0}
	EndGlobalSection
EndGlobal
